{
  "name": "graphiti-claude-integration",
  "version": "1.0.0",
  "lockfileVersion": 3,
  "requires": true,
  "packages": {
    "": {
      "name": "graphiti-claude-integration",
      "version": "1.0.0",
      "license": "MIT",
      "dependencies": {
        "claude-hooks-core": "github:Milofax/claude-hooks-core"
      },
      "bin": {
        "graphiti-claude-integration": "bin/cli.js"
      }
    },
    "node_modules/claude-hooks-core": {
      "version": "1.0.0",
      "resolved": "git+ssh://git@github.com/Milofax/claude-hooks-core.git#86d2d98ee28e93e80804b9f62e54348e43bed193",
      "license": "MIT"
    }
  }
}
